
Microsoft Visual Studio Solution File, Format Version 12.00
# Visual Studio 15
VisualStudioVersion = 15.0.27428.2015
MinimumVisualStudioVersion = 10.0.40219.1
Project("{FAE04EC0-301F-11D3-BF4B-00C04F79EFBC}") = "GetOpts", "GetOpts\GetOpts.csproj", "{891C2DFC-0686-45F3-885D-A69F0CABB3D6}"
EndProject
Project("{FAE04EC0-301F-11D3-BF4B-00C04F79EFBC}") = "GetOpts.Tests", "GetOpts.Tests\GetOpts.Tests.csproj", "{941E9FB3-6191-4ED4-8BA3-B83C7065E480}"
EndProject
Global
	GlobalSection(SolutionConfigurationPlatforms) = preSolution
		Debug|Any CPU = Debug|Any CPU
		Release|Any CPU = Release|Any CPU
	EndGlobalSection
	GlobalSection(ProjectConfigurationPlatforms) = postSolution
		{891C2DFC-0686-45F3-885D-A69F0CABB3D6}.Debug|Any CPU.ActiveCfg = Debug|Any CPU
		{891C2DFC-0686-45F3-885D-A69F0CABB3D6}.Debug|Any CPU.Build.0 = Debug|Any CPU
		{891C2DFC-0686-45F3-885D-A69F0CABB3D6}.Release|Any CPU.ActiveCfg = Release|Any CPU
		{891C2DFC-0686-45F3-885D-A69F0CABB3D6}.Release|Any CPU.Build.0 = Release|Any CPU
		{941E9FB3-6191-4ED4-8BA3-B83C7065E480}.Debug|Any CPU.ActiveCfg = Debug|Any CPU
		{941E9FB3-6191-4ED4-8BA3-B83C7065E480}.Debug|Any CPU.Build.0 = Debug|Any CPU
		{941E9FB3-6191-4ED4-8BA3-B83C7065E480}.Release|Any CPU.ActiveCfg = Release|Any CPU
		{941E9FB3-6191-4ED4-8BA3-B83C7065E480}.Release|Any CPU.Build.0 = Release|Any CPU
	EndGlobalSection
	GlobalSection(SolutionProperties) = preSolution
		HideSolutionNode = FALSE
	EndGlobalSection
	GlobalSection(ExtensibilityGlobals) = postSolution
		SolutionGuid = {F1C81C92-02E4-42FE-83E9-337D8F10AB24}
	EndGlobalSection
EndGlobal
